{
    "name": "sms-fortunes",
    "requires": true,
    "lockfileVersion": 1,
    "dependencies": {
        "bluebird": {
            "version": "3.7.2",
            "resolved": "https://registry.npmjs.org/bluebird/-/bluebird-3.7.2.tgz",
            "integrity": "sha512-XpNj6GDQzdfW+r2Wnn7xiSAd7TM3jzkxGXBGTtWKuSXv1xUV+azxAm8jdWZN06QTQk+2N2XB9jRDkvbmQmcRtg=="
        },
        "lodash": {
            "version": "4.17.21",
            "resolved": "https://registry.npmjs.org/lodash/-/lodash-4.17.21.tgz",
            "integrity": "sha512-v2kDEe57lecTulaDIuNTPy3Ry4gLGJ6Z1O3vE1krgXZNrsQ+LFTGHVxVjcXPs17LhbZVGedAJv8XZ1tvj5FvSg=="
        },
        "punycode": {
            "version": "1.4.1",
            "resolved": "https://registry.npmjs.org/punycode/-/punycode-1.4.1.tgz",
            "integrity": "sha512-jmYNElW7yvO7TV33CjSmvSiE2yco3bV2czu/OzDKdMNVZQWfxCblURLhf+47syQRBntjfLdd/H0egrzIG+oaFQ=="
        },
        "request-promise": {
            "version": "4.2.3",
            "resolved": "https://registry.npmjs.org/request-promise/-/request-promise-4.2.3.tgz",
            "integrity": "sha512-fJ0/f5cryabF7+jld/0o/6ARANrBVipPoNQ+vRwxlmTlx8Jv0UVvZ/ScgGLlqbl0TOh4tdkpQBmUpeGBcT75pQ==",
            "requires": {
                "bluebird": "^3.5.0",
                "request-promise-core": "1.1.2",
                "stealthy-require": "^1.1.1",
                "tough-cookie": "~2.3.3"
            }
        },
        "request-promise-core": {
            "version": "1.1.2",
            "resolved": "https://registry.npmjs.org/request-promise-core/-/request-promise-core-1.1.2.tgz",
            "integrity": "sha512-UHYyq1MO8GsefGEt7EprS8UrXsm1TxEvFUX1IMTuSLU2Rh7fTIdFtl8xD7JiEYiWU2dl+NYAjCTksTehQUxPag==",
            "requires": {
                "lodash": "^4.17.11"
            }
        },
        "stealthy-require": {
            "version": "1.1.1",
            "resolved": "https://registry.npmjs.org/stealthy-require/-/stealthy-require-1.1.1.tgz",
            "integrity": "sha512-ZnWpYnYugiOVEY5GkcuJK1io5V8QmNYChG62gSit9pQVGErXtrKuPC55ITaVSukmMta5qpMU7vqLt2Lnni4f/g=="
        },
        "tough-cookie": {
            "version": "2.3.4",
            "resolved": "https://registry.npmjs.org/tough-cookie/-/tough-cookie-2.3.4.tgz",
            "integrity": "sha512-TZ6TTfI5NtZnuyy/Kecv+CnoROnyXn2DN97LontgQpCwsX2XyLYCC0ENhYkehSOwAp8rTQKc/NUIF7BkQ5rKLA==",
            "requires": {
                "punycode": "^1.4.1"
            }
        }
    }
}
